
Microsoft Visual Studio Solution File, Format Version 12.00
# Visual Studio Version 17
VisualStudioVersion = 17.11.35312.102
MinimumVisualStudioVersion = 10.0.40219.1
Project("{2150E333-8FDC-42A3-9474-1A3956D46DE8}") = "Task0", "Task0", "{9BD22EF6-79C9-4B36-B4C6-3C1090778D77}"
EndProject
Project("{9A19103F-16F7-4668-BE54-9A1E7A4F7556}") = "Tyuiu.EvseevEI.Sprint2.Task0.V11", "Tyuiu.EvseevEI.Sprint2.Task0.V11\Tyuiu.EvseevEI.Sprint2.Task0.V11.csproj", "{CB8F333C-36E8-4807-B23B-24BE73F912CA}"
EndProject
Project("{9A19103F-16F7-4668-BE54-9A1E7A4F7556}") = "Tyuiu.EvseevEI.Sprint2.Task0.V11.Lib", "Tyuiu.EvseevEI.Sprint2.Task0.V11.Lib\Tyuiu.EvseevEI.Sprint2.Task0.V11.Lib.csproj", "{B7582F85-D3A4-40FA-9CA2-D5022F52BA8C}"
EndProject
Project("{9A19103F-16F7-4668-BE54-9A1E7A4F7556}") = "Tyuiu.EvseevEI.Sprint2.Task0.V11.Test", "Tyuiu.EvseevEI.Sprint2.Task0.V11.Test\Tyuiu.EvseevEI.Sprint2.Task0.V11.Test.csproj", "{C96D95B6-AB53-4A7B-9A85-8E2BD4D5A394}"
EndProject
Project("{2150E333-8FDC-42A3-9474-1A3956D46DE8}") = "Task1", "Task1", "{BFABB54F-7406-4266-B2F5-73951D0E280E}"
EndProject
Project("{9A19103F-16F7-4668-BE54-9A1E7A4F7556}") = "Tyuiu.EvseevEI.Sprint2.Task1.V20", "Tyuiu.EvseevEI.Sprint2.Task1.V20\Tyuiu.EvseevEI.Sprint2.Task1.V20.csproj", "{128C3200-C291-4DD5-9E40-D2FA05887EAE}"
EndProject
Project("{9A19103F-16F7-4668-BE54-9A1E7A4F7556}") = "Tyuiu.EvseevEI.Sprint2.Task1.V20.Lib", "Tyuiu.EvseevEI.Sprint2.Task1.V20.Lib\Tyuiu.EvseevEI.Sprint2.Task1.V20.Lib.csproj", "{73AFE4FC-62C0-45B6-9261-D08DEEA2D733}"
EndProject
Project("{9A19103F-16F7-4668-BE54-9A1E7A4F7556}") = "Tyuiu.EvseevEI.Sprint2.Task1.V20.Test", "Tyuiu.EvseevEI.Sprint2.Task1.V20.Test\Tyuiu.EvseevEI.Sprint2.Task1.V20.Test.csproj", "{FF31C2B4-9267-4D59-BACA-9AC75FE0F186}"
EndProject
Project("{2150E333-8FDC-42A3-9474-1A3956D46DE8}") = "Task2", "Task2", "{A8FFAA72-1CFC-4AAE-9E52-2746E701BF9C}"
EndProject
Project("{9A19103F-16F7-4668-BE54-9A1E7A4F7556}") = "Tyuiu.EvseevEI.Sprint2.Task2.V17", "Tyuiu.EvseevEI.Sprint2.Task2.V17\Tyuiu.EvseevEI.Sprint2.Task2.V17.csproj", "{433044BF-C075-4CE0-99A1-1BD88231E234}"
EndProject
Project("{9A19103F-16F7-4668-BE54-9A1E7A4F7556}") = "Tyuiu.EvseevEI.Sprint2.Task2.V17.Lib", "Tyuiu.EvseevEI.Sprint2.Task2.V17.Lib\Tyuiu.EvseevEI.Sprint2.Task2.V17.Lib.csproj", "{82C7A41E-D81D-4466-94D3-2414F916B50B}"
EndProject
Project("{9A19103F-16F7-4668-BE54-9A1E7A4F7556}") = "Tyuiu.EvseevEI.Sprint2.Task2.V17.Test", "Tyuiu.EvseevEI.Sprint2.Task2.V17.Test\Tyuiu.EvseevEI.Sprint2.Task2.V17.Test.csproj", "{3D64F2C2-AF79-41D4-A179-D8045A66F851}"
EndProject
Project("{2150E333-8FDC-42A3-9474-1A3956D46DE8}") = "Task3", "Task3", "{2B5DE605-B364-4E42-BD96-2044D28E48AF}"
EndProject
Project("{9A19103F-16F7-4668-BE54-9A1E7A4F7556}") = "Tyuiu.EvseevEI.Sprint2.Task3.V5", "Tyuiu.EvseevEI.Sprint2.Task3.V5\Tyuiu.EvseevEI.Sprint2.Task3.V5.csproj", "{C8396740-3D71-4F90-A2CE-CC544346B4B9}"
EndProject
Project("{9A19103F-16F7-4668-BE54-9A1E7A4F7556}") = "Tyuiu.EvseevEI.Sprint2.Task3.V5.Lib", "Tyuiu.EvseevEI.Sprint2.Task3.V5.Lib\Tyuiu.EvseevEI.Sprint2.Task3.V5.Lib.csproj", "{ED41D70A-CD11-467C-A3B4-5055E276A101}"
EndProject
Project("{9A19103F-16F7-4668-BE54-9A1E7A4F7556}") = "Tyuiu.EvseevEI.Sprint2.Task3.V5.Test", "Tyuiu.EvseevEI.Sprint2.Task3.V5.Test\Tyuiu.EvseevEI.Sprint2.Task3.V5.Test.csproj", "{BBEE0999-F25C-4293-BC61-82937E0023AB}"
EndProject
Project("{2150E333-8FDC-42A3-9474-1A3956D46DE8}") = "Task4", "Task4", "{A0A9BDB1-3FD1-4FE0-B8CC-F6013C8DFA9A}"
EndProject
Project("{9A19103F-16F7-4668-BE54-9A1E7A4F7556}") = "Tyuiu.EvseevEI.Sprint2.Task4.V10", "Tyuiu.EvseevEI.Sprint2.Task4.V10\Tyuiu.EvseevEI.Sprint2.Task4.V10.csproj", "{4EBF8901-4A76-4C54-B029-21330291C2D5}"
EndProject
Project("{9A19103F-16F7-4668-BE54-9A1E7A4F7556}") = "Tyuiu.EvseevEI.Sprint2.Task4.V10.Lib", "Tyuiu.EvseevEI.Sprint2.Task4.V10.Lib\Tyuiu.EvseevEI.Sprint2.Task4.V10.Lib.csproj", "{EA9F7623-F971-4930-B6E4-CC86F5FDA4FB}"
EndProject
Project("{9A19103F-16F7-4668-BE54-9A1E7A4F7556}") = "Tyuiu.EvseevEI.Sprint2.Task4.V10.Test", "Tyuiu.EvseevEI.Sprint2.Task4.V10.Test\Tyuiu.EvseevEI.Sprint2.Task4.V10.Test.csproj", "{7104081A-49A6-4DB0-B7D4-98091CC50692}"
EndProject
Project("{2150E333-8FDC-42A3-9474-1A3956D46DE8}") = "Task5", "Task5", "{BF7AE79D-4425-434E-A2B6-FB1FEA3199E6}"
EndProject
Project("{FAE04EC0-301F-11D3-BF4B-00C04F79EFBC}") = "Tyuiu.EvseevEI.Sprint2.Task5.V14", "Tyuiu.EvseevEI.Sprint2.Task5.V14\Tyuiu.EvseevEI.Sprint2.Task5.V14.csproj", "{9EE64792-F64F-44FA-9AF6-20AC0815223D}"
EndProject
Project("{FAE04EC0-301F-11D3-BF4B-00C04F79EFBC}") = "Tyuiu.EvseevEI.Sprint2.Task5.V14.Lib", "Tyuiu.EvseevEI.Sprint2.Task5.V14.Lib\Tyuiu.EvseevEI.Sprint2.Task5.V14.Lib.csproj", "{A91B5BD1-ACCC-462F-B943-9A1499B5C839}"
EndProject
Project("{FAE04EC0-301F-11D3-BF4B-00C04F79EFBC}") = "Tyuiu.EvseevEI.Sprint2.Task5.V14.Test", "Tyuiu.EvseevEI.Sprint2.Task5.V14.Test\Tyuiu.EvseevEI.Sprint2.Task5.V14.Test.csproj", "{15BC4150-6657-4784-A43D-140445830442}"
EndProject
Global
	GlobalSection(SolutionConfigurationPlatforms) = preSolution
		Debug|Any CPU = Debug|Any CPU
		Release|Any CPU = Release|Any CPU
	EndGlobalSection
	GlobalSection(ProjectConfigurationPlatforms) = postSolution
		{CB8F333C-36E8-4807-B23B-24BE73F912CA}.Debug|Any CPU.ActiveCfg = Debug|Any CPU
		{CB8F333C-36E8-4807-B23B-24BE73F912CA}.Debug|Any CPU.Build.0 = Debug|Any CPU
		{CB8F333C-36E8-4807-B23B-24BE73F912CA}.Release|Any CPU.ActiveCfg = Release|Any CPU
		{CB8F333C-36E8-4807-B23B-24BE73F912CA}.Release|Any CPU.Build.0 = Release|Any CPU
		{B7582F85-D3A4-40FA-9CA2-D5022F52BA8C}.Debug|Any CPU.ActiveCfg = Debug|Any CPU
		{B7582F85-D3A4-40FA-9CA2-D5022F52BA8C}.Debug|Any CPU.Build.0 = Debug|Any CPU
		{B7582F85-D3A4-40FA-9CA2-D5022F52BA8C}.Release|Any CPU.ActiveCfg = Release|Any CPU
		{B7582F85-D3A4-40FA-9CA2-D5022F52BA8C}.Release|Any CPU.Build.0 = Release|Any CPU
		{C96D95B6-AB53-4A7B-9A85-8E2BD4D5A394}.Debug|Any CPU.ActiveCfg = Debug|Any CPU
		{C96D95B6-AB53-4A7B-9A85-8E2BD4D5A394}.Debug|Any CPU.Build.0 = Debug|Any CPU
		{C96D95B6-AB53-4A7B-9A85-8E2BD4D5A394}.Release|Any CPU.ActiveCfg = Release|Any CPU
		{C96D95B6-AB53-4A7B-9A85-8E2BD4D5A394}.Release|Any CPU.Build.0 = Release|Any CPU
		{128C3200-C291-4DD5-9E40-D2FA05887EAE}.Debug|Any CPU.ActiveCfg = Debug|Any CPU
		{128C3200-C291-4DD5-9E40-D2FA05887EAE}.Debug|Any CPU.Build.0 = Debug|Any CPU
		{128C3200-C291-4DD5-9E40-D2FA05887EAE}.Release|Any CPU.ActiveCfg = Release|Any CPU
		{128C3200-C291-4DD5-9E40-D2FA05887EAE}.Release|Any CPU.Build.0 = Release|Any CPU
		{73AFE4FC-62C0-45B6-9261-D08DEEA2D733}.Debug|Any CPU.ActiveCfg = Debug|Any CPU
		{73AFE4FC-62C0-45B6-9261-D08DEEA2D733}.Debug|Any CPU.Build.0 = Debug|Any CPU
		{73AFE4FC-62C0-45B6-9261-D08DEEA2D733}.Release|Any CPU.ActiveCfg = Release|Any CPU
		{73AFE4FC-62C0-45B6-9261-D08DEEA2D733}.Release|Any CPU.Build.0 = Release|Any CPU
		{FF31C2B4-9267-4D59-BACA-9AC75FE0F186}.Debug|Any CPU.ActiveCfg = Debug|Any CPU
		{FF31C2B4-9267-4D59-BACA-9AC75FE0F186}.Debug|Any CPU.Build.0 = Debug|Any CPU
		{FF31C2B4-9267-4D59-BACA-9AC75FE0F186}.Release|Any CPU.ActiveCfg = Release|Any CPU
		{FF31C2B4-9267-4D59-BACA-9AC75FE0F186}.Release|Any CPU.Build.0 = Release|Any CPU
		{433044BF-C075-4CE0-99A1-1BD88231E234}.Debug|Any CPU.ActiveCfg = Debug|Any CPU
		{433044BF-C075-4CE0-99A1-1BD88231E234}.Debug|Any CPU.Build.0 = Debug|Any CPU
		{433044BF-C075-4CE0-99A1-1BD88231E234}.Release|Any CPU.ActiveCfg = Release|Any CPU
		{433044BF-C075-4CE0-99A1-1BD88231E234}.Release|Any CPU.Build.0 = Release|Any CPU
		{82C7A41E-D81D-4466-94D3-2414F916B50B}.Debug|Any CPU.ActiveCfg = Debug|Any CPU
		{82C7A41E-D81D-4466-94D3-2414F916B50B}.Debug|Any CPU.Build.0 = Debug|Any CPU
		{82C7A41E-D81D-4466-94D3-2414F916B50B}.Release|Any CPU.ActiveCfg = Release|Any CPU
		{82C7A41E-D81D-4466-94D3-2414F916B50B}.Release|Any CPU.Build.0 = Release|Any CPU
		{3D64F2C2-AF79-41D4-A179-D8045A66F851}.Debug|Any CPU.ActiveCfg = Debug|Any CPU
		{3D64F2C2-AF79-41D4-A179-D8045A66F851}.Debug|Any CPU.Build.0 = Debug|Any CPU
		{3D64F2C2-AF79-41D4-A179-D8045A66F851}.Release|Any CPU.ActiveCfg = Release|Any CPU
		{3D64F2C2-AF79-41D4-A179-D8045A66F851}.Release|Any CPU.Build.0 = Release|Any CPU
		{C8396740-3D71-4F90-A2CE-CC544346B4B9}.Debug|Any CPU.ActiveCfg = Debug|Any CPU
		{C8396740-3D71-4F90-A2CE-CC544346B4B9}.Debug|Any CPU.Build.0 = Debug|Any CPU
		{C8396740-3D71-4F90-A2CE-CC544346B4B9}.Release|Any CPU.ActiveCfg = Release|Any CPU
		{C8396740-3D71-4F90-A2CE-CC544346B4B9}.Release|Any CPU.Build.0 = Release|Any CPU
		{ED41D70A-CD11-467C-A3B4-5055E276A101}.Debug|Any CPU.ActiveCfg = Debug|Any CPU
		{ED41D70A-CD11-467C-A3B4-5055E276A101}.Debug|Any CPU.Build.0 = Debug|Any CPU
		{ED41D70A-CD11-467C-A3B4-5055E276A101}.Release|Any CPU.ActiveCfg = Release|Any CPU
		{ED41D70A-CD11-467C-A3B4-5055E276A101}.Release|Any CPU.Build.0 = Release|Any CPU
		{BBEE0999-F25C-4293-BC61-82937E0023AB}.Debug|Any CPU.ActiveCfg = Debug|Any CPU
		{BBEE0999-F25C-4293-BC61-82937E0023AB}.Debug|Any CPU.Build.0 = Debug|Any CPU
		{BBEE0999-F25C-4293-BC61-82937E0023AB}.Release|Any CPU.ActiveCfg = Release|Any CPU
		{BBEE0999-F25C-4293-BC61-82937E0023AB}.Release|Any CPU.Build.0 = Release|Any CPU
		{4EBF8901-4A76-4C54-B029-21330291C2D5}.Debug|Any CPU.ActiveCfg = Debug|Any CPU
		{4EBF8901-4A76-4C54-B029-21330291C2D5}.Debug|Any CPU.Build.0 = Debug|Any CPU
		{4EBF8901-4A76-4C54-B029-21330291C2D5}.Release|Any CPU.ActiveCfg = Release|Any CPU
		{4EBF8901-4A76-4C54-B029-21330291C2D5}.Release|Any CPU.Build.0 = Release|Any CPU
		{EA9F7623-F971-4930-B6E4-CC86F5FDA4FB}.Debug|Any CPU.ActiveCfg = Debug|Any CPU
		{EA9F7623-F971-4930-B6E4-CC86F5FDA4FB}.Debug|Any CPU.Build.0 = Debug|Any CPU
		{EA9F7623-F971-4930-B6E4-CC86F5FDA4FB}.Release|Any CPU.ActiveCfg = Release|Any CPU
		{EA9F7623-F971-4930-B6E4-CC86F5FDA4FB}.Release|Any CPU.Build.0 = Release|Any CPU
		{7104081A-49A6-4DB0-B7D4-98091CC50692}.Debug|Any CPU.ActiveCfg = Debug|Any CPU
		{7104081A-49A6-4DB0-B7D4-98091CC50692}.Debug|Any CPU.Build.0 = Debug|Any CPU
		{7104081A-49A6-4DB0-B7D4-98091CC50692}.Release|Any CPU.ActiveCfg = Release|Any CPU
		{7104081A-49A6-4DB0-B7D4-98091CC50692}.Release|Any CPU.Build.0 = Release|Any CPU
		{9EE64792-F64F-44FA-9AF6-20AC0815223D}.Debug|Any CPU.ActiveCfg = Debug|Any CPU
		{9EE64792-F64F-44FA-9AF6-20AC0815223D}.Debug|Any CPU.Build.0 = Debug|Any CPU
		{9EE64792-F64F-44FA-9AF6-20AC0815223D}.Release|Any CPU.ActiveCfg = Release|Any CPU
		{9EE64792-F64F-44FA-9AF6-20AC0815223D}.Release|Any CPU.Build.0 = Release|Any CPU
		{A91B5BD1-ACCC-462F-B943-9A1499B5C839}.Debug|Any CPU.ActiveCfg = Debug|Any CPU
		{A91B5BD1-ACCC-462F-B943-9A1499B5C839}.Debug|Any CPU.Build.0 = Debug|Any CPU
		{A91B5BD1-ACCC-462F-B943-9A1499B5C839}.Release|Any CPU.ActiveCfg = Release|Any CPU
		{A91B5BD1-ACCC-462F-B943-9A1499B5C839}.Release|Any CPU.Build.0 = Release|Any CPU
		{15BC4150-6657-4784-A43D-140445830442}.Debug|Any CPU.ActiveCfg = Debug|Any CPU
		{15BC4150-6657-4784-A43D-140445830442}.Debug|Any CPU.Build.0 = Debug|Any CPU
		{15BC4150-6657-4784-A43D-140445830442}.Release|Any CPU.ActiveCfg = Release|Any CPU
		{15BC4150-6657-4784-A43D-140445830442}.Release|Any CPU.Build.0 = Release|Any CPU
	EndGlobalSection
	GlobalSection(SolutionProperties) = preSolution
		HideSolutionNode = FALSE
	EndGlobalSection
	GlobalSection(NestedProjects) = preSolution
		{CB8F333C-36E8-4807-B23B-24BE73F912CA} = {9BD22EF6-79C9-4B36-B4C6-3C1090778D77}
		{B7582F85-D3A4-40FA-9CA2-D5022F52BA8C} = {9BD22EF6-79C9-4B36-B4C6-3C1090778D77}
		{C96D95B6-AB53-4A7B-9A85-8E2BD4D5A394} = {9BD22EF6-79C9-4B36-B4C6-3C1090778D77}
		{128C3200-C291-4DD5-9E40-D2FA05887EAE} = {BFABB54F-7406-4266-B2F5-73951D0E280E}
		{73AFE4FC-62C0-45B6-9261-D08DEEA2D733} = {BFABB54F-7406-4266-B2F5-73951D0E280E}
		{FF31C2B4-9267-4D59-BACA-9AC75FE0F186} = {BFABB54F-7406-4266-B2F5-73951D0E280E}
		{433044BF-C075-4CE0-99A1-1BD88231E234} = {A8FFAA72-1CFC-4AAE-9E52-2746E701BF9C}
		{82C7A41E-D81D-4466-94D3-2414F916B50B} = {A8FFAA72-1CFC-4AAE-9E52-2746E701BF9C}
		{3D64F2C2-AF79-41D4-A179-D8045A66F851} = {A8FFAA72-1CFC-4AAE-9E52-2746E701BF9C}
		{C8396740-3D71-4F90-A2CE-CC544346B4B9} = {2B5DE605-B364-4E42-BD96-2044D28E48AF}
		{ED41D70A-CD11-467C-A3B4-5055E276A101} = {2B5DE605-B364-4E42-BD96-2044D28E48AF}
		{BBEE0999-F25C-4293-BC61-82937E0023AB} = {2B5DE605-B364-4E42-BD96-2044D28E48AF}
		{4EBF8901-4A76-4C54-B029-21330291C2D5} = {A0A9BDB1-3FD1-4FE0-B8CC-F6013C8DFA9A}
		{EA9F7623-F971-4930-B6E4-CC86F5FDA4FB} = {A0A9BDB1-3FD1-4FE0-B8CC-F6013C8DFA9A}
		{7104081A-49A6-4DB0-B7D4-98091CC50692} = {A0A9BDB1-3FD1-4FE0-B8CC-F6013C8DFA9A}
		{9EE64792-F64F-44FA-9AF6-20AC0815223D} = {BF7AE79D-4425-434E-A2B6-FB1FEA3199E6}
		{A91B5BD1-ACCC-462F-B943-9A1499B5C839} = {BF7AE79D-4425-434E-A2B6-FB1FEA3199E6}
		{15BC4150-6657-4784-A43D-140445830442} = {BF7AE79D-4425-434E-A2B6-FB1FEA3199E6}
	EndGlobalSection
	GlobalSection(ExtensibilityGlobals) = postSolution
		SolutionGuid = {44F8539F-1B0E-413C-8835-A981BD8B2804}
	EndGlobalSection
EndGlobal
